
Microsoft Visual Studio Solution File, Format Version 12.00
# Visual Studio 15
Project("{FAE04EC0-301F-11D3-BF4B-00C04F79EFBC}") = "Assembly-CSharp", "Assembly-CSharp.csproj", "{DB5BE125-49D1-82A5-1B8D-BED31A68BCD6}"
EndProject
Project("{FAE04EC0-301F-11D3-BF4B-00C04F79EFBC}") = "Assembly-CSharp-Editor", "Assembly-CSharp-Editor.csproj", "{CC060597-1411-F447-92D6-F9A48E6D5027}"
EndProject
Global
	GlobalSection(SolutionConfigurationPlatforms) = preSolution
		Debug|Any CPU = Debug|Any CPU
		Release|Any CPU = Release|Any CPU
	EndGlobalSection
	GlobalSection(ProjectConfigurationPlatforms) = postSolution
		{DB5BE125-49D1-82A5-1B8D-BED31A68BCD6}.Debug|Any CPU.ActiveCfg = Debug|Any CPU
		{DB5BE125-49D1-82A5-1B8D-BED31A68BCD6}.Debug|Any CPU.Build.0 = Debug|Any CPU
		{DB5BE125-49D1-82A5-1B8D-BED31A68BCD6}.Release|Any CPU.ActiveCfg = Release|Any CPU
		{DB5BE125-49D1-82A5-1B8D-BED31A68BCD6}.Release|Any CPU.Build.0 = Release|Any CPU
		{CC060597-1411-F447-92D6-F9A48E6D5027}.Debug|Any CPU.ActiveCfg = Debug|Any CPU
		{CC060597-1411-F447-92D6-F9A48E6D5027}.Debug|Any CPU.Build.0 = Debug|Any CPU
		{CC060597-1411-F447-92D6-F9A48E6D5027}.Release|Any CPU.ActiveCfg = Release|Any CPU
		{CC060597-1411-F447-92D6-F9A48E6D5027}.Release|Any CPU.Build.0 = Release|Any CPU
	EndGlobalSection
	GlobalSection(SolutionProperties) = preSolution
		HideSolutionNode = FALSE
	EndGlobalSection
EndGlobal
